
Microsoft Visual Studio Solution File, Format Version 12.00
# Visual Studio Version 16
VisualStudioVersion = 16.0.28407.52
MinimumVisualStudioVersion = 15.0.26124.0
Project("{9A19103F-16F7-4668-BE54-9A1E7A4F7556}") = "EvilBaschdi.CoreExtended.TestUi", "EvilBaschdi.CoreExtended.TestUi\EvilBaschdi.CoreExtended.TestUi.csproj", "{B4487BC3-80C2-43C3-800F-F686F14A8BE7}"
EndProject
Project("{2150E333-8FDC-42A3-9474-1A3956D46DE8}") = "Solution Items", "Solution Items", "{ABDFDFCB-5272-4C4F-A0B5-20C699A118A6}"
	ProjectSection(SolutionItems) = preProject
		.gitattributes = .gitattributes
		.gitignore = .gitignore
		NuGet.config = NuGet.config
		README.md = README.md
	EndProjectSection
EndProject
Project("{9A19103F-16F7-4668-BE54-9A1E7A4F7556}") = "EvilBaschdi.CoreExtended", "EvilBaschdi.CoreExtended\EvilBaschdi.CoreExtended.csproj", "{BA6D2250-794D-45AB-80E6-23DF07E6BE5C}"
EndProject
Project("{FAE04EC0-301F-11D3-BF4B-00C04F79EFBC}") = "TestUi.Uwp", "TestUi.Uwp\TestUi.Uwp.csproj", "{62F8189F-7605-4363-A100-3016AC5C802E}"
EndProject
Global
	GlobalSection(SolutionConfigurationPlatforms) = preSolution
		Debug|Any CPU = Debug|Any CPU
		Debug|ARM = Debug|ARM
		Debug|x64 = Debug|x64
		Debug|x86 = Debug|x86
		Release|Any CPU = Release|Any CPU
		Release|ARM = Release|ARM
		Release|x64 = Release|x64
		Release|x86 = Release|x86
	EndGlobalSection
	GlobalSection(ProjectConfigurationPlatforms) = postSolution
		{B4487BC3-80C2-43C3-800F-F686F14A8BE7}.Debug|Any CPU.ActiveCfg = Debug|Any CPU
		{B4487BC3-80C2-43C3-800F-F686F14A8BE7}.Debug|Any CPU.Build.0 = Debug|Any CPU
		{B4487BC3-80C2-43C3-800F-F686F14A8BE7}.Debug|ARM.ActiveCfg = Debug|Any CPU
		{B4487BC3-80C2-43C3-800F-F686F14A8BE7}.Debug|ARM.Build.0 = Debug|Any CPU
		{B4487BC3-80C2-43C3-800F-F686F14A8BE7}.Debug|x64.ActiveCfg = Debug|Any CPU
		{B4487BC3-80C2-43C3-800F-F686F14A8BE7}.Debug|x64.Build.0 = Debug|Any CPU
		{B4487BC3-80C2-43C3-800F-F686F14A8BE7}.Debug|x86.ActiveCfg = Debug|Any CPU
		{B4487BC3-80C2-43C3-800F-F686F14A8BE7}.Debug|x86.Build.0 = Debug|Any CPU
		{B4487BC3-80C2-43C3-800F-F686F14A8BE7}.Release|Any CPU.ActiveCfg = Release|Any CPU
		{B4487BC3-80C2-43C3-800F-F686F14A8BE7}.Release|Any CPU.Build.0 = Release|Any CPU
		{B4487BC3-80C2-43C3-800F-F686F14A8BE7}.Release|ARM.ActiveCfg = Release|Any CPU
		{B4487BC3-80C2-43C3-800F-F686F14A8BE7}.Release|ARM.Build.0 = Release|Any CPU
		{B4487BC3-80C2-43C3-800F-F686F14A8BE7}.Release|x64.ActiveCfg = Release|Any CPU
		{B4487BC3-80C2-43C3-800F-F686F14A8BE7}.Release|x64.Build.0 = Release|Any CPU
		{B4487BC3-80C2-43C3-800F-F686F14A8BE7}.Release|x86.ActiveCfg = Release|Any CPU
		{B4487BC3-80C2-43C3-800F-F686F14A8BE7}.Release|x86.Build.0 = Release|Any CPU
		{BA6D2250-794D-45AB-80E6-23DF07E6BE5C}.Debug|Any CPU.ActiveCfg = Debug|Any CPU
		{BA6D2250-794D-45AB-80E6-23DF07E6BE5C}.Debug|Any CPU.Build.0 = Debug|Any CPU
		{BA6D2250-794D-45AB-80E6-23DF07E6BE5C}.Debug|ARM.ActiveCfg = Debug|Any CPU
		{BA6D2250-794D-45AB-80E6-23DF07E6BE5C}.Debug|ARM.Build.0 = Debug|Any CPU
		{BA6D2250-794D-45AB-80E6-23DF07E6BE5C}.Debug|x64.ActiveCfg = Debug|Any CPU
		{BA6D2250-794D-45AB-80E6-23DF07E6BE5C}.Debug|x64.Build.0 = Debug|Any CPU
		{BA6D2250-794D-45AB-80E6-23DF07E6BE5C}.Debug|x86.ActiveCfg = Debug|Any CPU
		{BA6D2250-794D-45AB-80E6-23DF07E6BE5C}.Debug|x86.Build.0 = Debug|Any CPU
		{BA6D2250-794D-45AB-80E6-23DF07E6BE5C}.Release|Any CPU.ActiveCfg = Release|Any CPU
		{BA6D2250-794D-45AB-80E6-23DF07E6BE5C}.Release|Any CPU.Build.0 = Release|Any CPU
		{BA6D2250-794D-45AB-80E6-23DF07E6BE5C}.Release|ARM.ActiveCfg = Release|Any CPU
		{BA6D2250-794D-45AB-80E6-23DF07E6BE5C}.Release|ARM.Build.0 = Release|Any CPU
		{BA6D2250-794D-45AB-80E6-23DF07E6BE5C}.Release|x64.ActiveCfg = Release|Any CPU
		{BA6D2250-794D-45AB-80E6-23DF07E6BE5C}.Release|x64.Build.0 = Release|Any CPU
		{BA6D2250-794D-45AB-80E6-23DF07E6BE5C}.Release|x86.ActiveCfg = Release|Any CPU
		{BA6D2250-794D-45AB-80E6-23DF07E6BE5C}.Release|x86.Build.0 = Release|Any CPU
		{62F8189F-7605-4363-A100-3016AC5C802E}.Debug|Any CPU.ActiveCfg = Debug|x86
		{62F8189F-7605-4363-A100-3016AC5C802E}.Debug|ARM.ActiveCfg = Debug|ARM
		{62F8189F-7605-4363-A100-3016AC5C802E}.Debug|ARM.Build.0 = Debug|ARM
		{62F8189F-7605-4363-A100-3016AC5C802E}.Debug|ARM.Deploy.0 = Debug|ARM
		{62F8189F-7605-4363-A100-3016AC5C802E}.Debug|x64.ActiveCfg = Debug|x64
		{62F8189F-7605-4363-A100-3016AC5C802E}.Debug|x64.Build.0 = Debug|x64
		{62F8189F-7605-4363-A100-3016AC5C802E}.Debug|x64.Deploy.0 = Debug|x64
		{62F8189F-7605-4363-A100-3016AC5C802E}.Debug|x86.ActiveCfg = Debug|x86
		{62F8189F-7605-4363-A100-3016AC5C802E}.Debug|x86.Build.0 = Debug|x86
		{62F8189F-7605-4363-A100-3016AC5C802E}.Debug|x86.Deploy.0 = Debug|x86
		{62F8189F-7605-4363-A100-3016AC5C802E}.Release|Any CPU.ActiveCfg = Release|x86
		{62F8189F-7605-4363-A100-3016AC5C802E}.Release|ARM.ActiveCfg = Release|ARM
		{62F8189F-7605-4363-A100-3016AC5C802E}.Release|ARM.Build.0 = Release|ARM
		{62F8189F-7605-4363-A100-3016AC5C802E}.Release|ARM.Deploy.0 = Release|ARM
		{62F8189F-7605-4363-A100-3016AC5C802E}.Release|x64.ActiveCfg = Release|x64
		{62F8189F-7605-4363-A100-3016AC5C802E}.Release|x64.Build.0 = Release|x64
		{62F8189F-7605-4363-A100-3016AC5C802E}.Release|x64.Deploy.0 = Release|x64
		{62F8189F-7605-4363-A100-3016AC5C802E}.Release|x86.ActiveCfg = Release|x86
		{62F8189F-7605-4363-A100-3016AC5C802E}.Release|x86.Build.0 = Release|x86
		{62F8189F-7605-4363-A100-3016AC5C802E}.Release|x86.Deploy.0 = Release|x86
	EndGlobalSection
	GlobalSection(SolutionProperties) = preSolution
		HideSolutionNode = FALSE
	EndGlobalSection
	GlobalSection(ExtensibilityGlobals) = postSolution
		SolutionGuid = {A51EAC00-53FF-44C3-A965-4C1C48B28897}
	EndGlobalSection
EndGlobal
