
Microsoft Visual Studio Solution File, Format Version 12.00
# Visual Studio Version 17
VisualStudioVersion = 17.0.31410.414
MinimumVisualStudioVersion = 15.0.26124.0
Project("{9A19103F-16F7-4668-BE54-9A1E7A4F7556}") = "EvilBaschdi.Core.Wpf.DummyApp", "EvilBaschdi.Core.Wpf.DummyApp\EvilBaschdi.Core.Wpf.DummyApp.csproj", "{B4487BC3-80C2-43C3-800F-F686F14A8BE7}"
EndProject
Project("{2150E333-8FDC-42A3-9474-1A3956D46DE8}") = "Solution Items", "Solution Items", "{ABDFDFCB-5272-4C4F-A0B5-20C699A118A6}"
	ProjectSection(SolutionItems) = preProject
		.gitattributes = .gitattributes
		.gitignore = .gitignore
		azure-pipelines.yml = azure-pipelines.yml
		global.json = global.json
		NuGet.config = NuGet.config
		README.md = README.md
	EndProjectSection
EndProject
Project("{9A19103F-16F7-4668-BE54-9A1E7A4F7556}") = "EvilBaschdi.Core.Wpf", "EvilBaschdi.Core.Wpf\EvilBaschdi.Core.Wpf.csproj", "{BA6D2250-794D-45AB-80E6-23DF07E6BE5C}"
EndProject
Project("{9A19103F-16F7-4668-BE54-9A1E7A4F7556}") = "EvilBaschdi.Core.Wpf.Tests", "EvilBaschdi.Core.Wpf.Tests\EvilBaschdi.Core.Wpf.Tests.csproj", "{D8F8C7B1-05E8-4426-B0A7-885FDA2202D0}"
EndProject
Global
	GlobalSection(SolutionConfigurationPlatforms) = preSolution
		Debug|Any CPU = Debug|Any CPU
		Debug|ARM64 = Debug|ARM64
		Debug|x64 = Debug|x64
		Release|Any CPU = Release|Any CPU
		Release|ARM64 = Release|ARM64
		Release|x64 = Release|x64
	EndGlobalSection
	GlobalSection(ProjectConfigurationPlatforms) = postSolution
		{B4487BC3-80C2-43C3-800F-F686F14A8BE7}.Debug|Any CPU.ActiveCfg = Debug|Any CPU
		{B4487BC3-80C2-43C3-800F-F686F14A8BE7}.Debug|Any CPU.Build.0 = Debug|Any CPU
		{B4487BC3-80C2-43C3-800F-F686F14A8BE7}.Debug|ARM64.ActiveCfg = Debug|ARM64
		{B4487BC3-80C2-43C3-800F-F686F14A8BE7}.Debug|ARM64.Build.0 = Debug|ARM64
		{B4487BC3-80C2-43C3-800F-F686F14A8BE7}.Debug|x64.ActiveCfg = Debug|x64
		{B4487BC3-80C2-43C3-800F-F686F14A8BE7}.Debug|x64.Build.0 = Debug|x64
		{B4487BC3-80C2-43C3-800F-F686F14A8BE7}.Release|Any CPU.ActiveCfg = Release|Any CPU
		{B4487BC3-80C2-43C3-800F-F686F14A8BE7}.Release|Any CPU.Build.0 = Release|Any CPU
		{B4487BC3-80C2-43C3-800F-F686F14A8BE7}.Release|ARM64.ActiveCfg = Release|ARM64
		{B4487BC3-80C2-43C3-800F-F686F14A8BE7}.Release|ARM64.Build.0 = Release|ARM64
		{B4487BC3-80C2-43C3-800F-F686F14A8BE7}.Release|x64.ActiveCfg = Release|x64
		{BA6D2250-794D-45AB-80E6-23DF07E6BE5C}.Debug|Any CPU.ActiveCfg = Debug|Any CPU
		{BA6D2250-794D-45AB-80E6-23DF07E6BE5C}.Debug|Any CPU.Build.0 = Debug|Any CPU
		{BA6D2250-794D-45AB-80E6-23DF07E6BE5C}.Debug|ARM64.ActiveCfg = Debug|Any CPU
		{BA6D2250-794D-45AB-80E6-23DF07E6BE5C}.Debug|ARM64.Build.0 = Debug|Any CPU
		{BA6D2250-794D-45AB-80E6-23DF07E6BE5C}.Debug|x64.ActiveCfg = Debug|Any CPU
		{BA6D2250-794D-45AB-80E6-23DF07E6BE5C}.Debug|x64.Build.0 = Debug|Any CPU
		{BA6D2250-794D-45AB-80E6-23DF07E6BE5C}.Release|Any CPU.ActiveCfg = Release|Any CPU
		{BA6D2250-794D-45AB-80E6-23DF07E6BE5C}.Release|Any CPU.Build.0 = Release|Any CPU
		{BA6D2250-794D-45AB-80E6-23DF07E6BE5C}.Release|ARM64.ActiveCfg = Release|Any CPU
		{BA6D2250-794D-45AB-80E6-23DF07E6BE5C}.Release|ARM64.Build.0 = Release|Any CPU
		{BA6D2250-794D-45AB-80E6-23DF07E6BE5C}.Release|x64.ActiveCfg = Release|Any CPU
		{BA6D2250-794D-45AB-80E6-23DF07E6BE5C}.Release|x64.Build.0 = Release|Any CPU
		{D8F8C7B1-05E8-4426-B0A7-885FDA2202D0}.Debug|Any CPU.ActiveCfg = Debug|Any CPU
		{D8F8C7B1-05E8-4426-B0A7-885FDA2202D0}.Debug|Any CPU.Build.0 = Debug|Any CPU
		{D8F8C7B1-05E8-4426-B0A7-885FDA2202D0}.Debug|ARM64.ActiveCfg = Debug|Any CPU
		{D8F8C7B1-05E8-4426-B0A7-885FDA2202D0}.Debug|ARM64.Build.0 = Debug|Any CPU
		{D8F8C7B1-05E8-4426-B0A7-885FDA2202D0}.Debug|x64.ActiveCfg = Debug|Any CPU
		{D8F8C7B1-05E8-4426-B0A7-885FDA2202D0}.Debug|x64.Build.0 = Debug|Any CPU
		{D8F8C7B1-05E8-4426-B0A7-885FDA2202D0}.Release|Any CPU.ActiveCfg = Release|Any CPU
		{D8F8C7B1-05E8-4426-B0A7-885FDA2202D0}.Release|Any CPU.Build.0 = Release|Any CPU
		{D8F8C7B1-05E8-4426-B0A7-885FDA2202D0}.Release|ARM64.ActiveCfg = Release|Any CPU
		{D8F8C7B1-05E8-4426-B0A7-885FDA2202D0}.Release|ARM64.Build.0 = Release|Any CPU
		{D8F8C7B1-05E8-4426-B0A7-885FDA2202D0}.Release|x64.ActiveCfg = Release|Any CPU
		{D8F8C7B1-05E8-4426-B0A7-885FDA2202D0}.Release|x64.Build.0 = Release|Any CPU
	EndGlobalSection
	GlobalSection(SolutionProperties) = preSolution
		HideSolutionNode = FALSE
	EndGlobalSection
	GlobalSection(ExtensibilityGlobals) = postSolution
		SolutionGuid = {A51EAC00-53FF-44C3-A965-4C1C48B28897}
	EndGlobalSection
EndGlobal
